
Microsoft Visual Studio Solution File, Format Version 12.00
# Visual Studio Version 17
VisualStudioVersion = 17.6.33815.320
MinimumVisualStudioVersion = 10.0.40219.1
Project("{FAE04EC0-301F-11D3-BF4B-00C04F79EFBC}") = "Ecop2", "Ecop2\Ecop2.csproj", "{E6808428-14FF-492E-B934-05FE3E7B06E5}"
EndProject
Global
	GlobalSection(SolutionConfigurationPlatforms) = preSolution
		Debug|Any CPU = Debug|Any CPU
		Release|Any CPU = Release|Any CPU
	EndGlobalSection
	GlobalSection(ProjectConfigurationPlatforms) = postSolution
		{E6808428-14FF-492E-B934-05FE3E7B06E5}.Debug|Any CPU.ActiveCfg = Debug|Any CPU
		{E6808428-14FF-492E-B934-05FE3E7B06E5}.Debug|Any CPU.Build.0 = Debug|Any CPU
		{E6808428-14FF-492E-B934-05FE3E7B06E5}.Release|Any CPU.ActiveCfg = Release|Any CPU
		{E6808428-14FF-492E-B934-05FE3E7B06E5}.Release|Any CPU.Build.0 = Release|Any CPU
	EndGlobalSection
	GlobalSection(SolutionProperties) = preSolution
		HideSolutionNode = FALSE
	EndGlobalSection
	GlobalSection(ExtensibilityGlobals) = postSolution
		SolutionGuid = {68A286C1-554A-4028-B193-F3F5538D310B}
	EndGlobalSection
EndGlobal
